
Microsoft Visual Studio Solution File, Format Version 12.00
# Visual Studio Version 16
VisualStudioVersion = 16.0.30204.135
MinimumVisualStudioVersion = 10.0.40219.1
Project("{FAE04EC0-301F-11D3-BF4B-00C04F79EFBC}") = "PubMVVM", "PubMVVM\PubMVVM.csproj", "{58FD2681-7984-4A78-9610-42257D3F7739}"
EndProject
Global
	GlobalSection(SolutionConfigurationPlatforms) = preSolution
		Debug|Any CPU = Debug|Any CPU
		Release|Any CPU = Release|Any CPU
	EndGlobalSection
	GlobalSection(ProjectConfigurationPlatforms) = postSolution
		{58FD2681-7984-4A78-9610-42257D3F7739}.Debug|Any CPU.ActiveCfg = Debug|Any CPU
		{58FD2681-7984-4A78-9610-42257D3F7739}.Debug|Any CPU.Build.0 = Debug|Any CPU
		{58FD2681-7984-4A78-9610-42257D3F7739}.Release|Any CPU.ActiveCfg = Release|Any CPU
		{58FD2681-7984-4A78-9610-42257D3F7739}.Release|Any CPU.Build.0 = Release|Any CPU
	EndGlobalSection
	GlobalSection(SolutionProperties) = preSolution
		HideSolutionNode = FALSE
	EndGlobalSection
	GlobalSection(ExtensibilityGlobals) = postSolution
		SolutionGuid = {E968A96E-72E6-4DF3-BEAB-17461419F8C5}
	EndGlobalSection
EndGlobal
